
Microsoft Visual Studio Solution File, Format Version 12.00
# Visual Studio Version 17
VisualStudioVersion = 17.7.34221.43
MinimumVisualStudioVersion = 10.0.40219.1
Project("{FAE04EC0-301F-11D3-BF4B-00C04F79EFBC}") = "CrudAppAdo", "CrudAppAdo\CrudAppAdo.csproj", "{B489C5CC-B675-404C-86D6-38985874B085}"
EndProject
Global
	GlobalSection(SolutionConfigurationPlatforms) = preSolution
		Debug|Any CPU = Debug|Any CPU
		Release|Any CPU = Release|Any CPU
	EndGlobalSection
	GlobalSection(ProjectConfigurationPlatforms) = postSolution
		{B489C5CC-B675-404C-86D6-38985874B085}.Debug|Any CPU.ActiveCfg = Debug|Any CPU
		{B489C5CC-B675-404C-86D6-38985874B085}.Debug|Any CPU.Build.0 = Debug|Any CPU
		{B489C5CC-B675-404C-86D6-38985874B085}.Release|Any CPU.ActiveCfg = Release|Any CPU
		{B489C5CC-B675-404C-86D6-38985874B085}.Release|Any CPU.Build.0 = Release|Any CPU
	EndGlobalSection
	GlobalSection(SolutionProperties) = preSolution
		HideSolutionNode = FALSE
	EndGlobalSection
	GlobalSection(ExtensibilityGlobals) = postSolution
		SolutionGuid = {DB9DE269-7954-4C2D-BF59-4A1829CF9289}
	EndGlobalSection
EndGlobal
